
Microsoft Visual Studio Solution File, Format Version 12.00
# Visual Studio Version 17
VisualStudioVersion = 17.13.35913.81
MinimumVisualStudioVersion = 10.0.40219.1
Project("{9A19103F-16F7-4668-BE54-9A1E7A4F7556}") = "EjemploThreads01", "EjemploThreads01\EjemploThreads01.csproj", "{F0074B0F-28FA-4012-B508-CA0F166D710C}"
EndProject
Project("{9A19103F-16F7-4668-BE54-9A1E7A4F7556}") = "EjemploThreads02", "EjemploThreads02\EjemploThreads02.csproj", "{9347388B-DC37-44A4-B39B-ED2B6FB32BA6}"
EndProject
Project("{9A19103F-16F7-4668-BE54-9A1E7A4F7556}") = "EjemploThreads03", "EjemploThreads03\EjemploThreads03.csproj", "{EA0CB8B8-5D9F-44F5-B5D8-65CC6ED60382}"
EndProject
Project("{9A19103F-16F7-4668-BE54-9A1E7A4F7556}") = "EjemploThreads04", "EjemploThreads04\EjemploThreads04.csproj", "{9403A4D1-28D9-4F7A-9952-10B35CDE69DA}"
EndProject
Project("{FAE04EC0-301F-11D3-BF4B-00C04F79EFBC}") = "EjemploWinThreads", "EjemploWinThreads\EjemploWinThreads.csproj", "{C0B79BC2-B19D-4273-8E7E-5AA0DBF3D1C9}"
EndProject
Project("{FAE04EC0-301F-11D3-BF4B-00C04F79EFBC}") = "EjemploTasks01", "EjemploTasks01\EjemploTasks01.csproj", "{B1938373-435C-861D-3526-86C4882A2FFF}"
EndProject
Project("{FAE04EC0-301F-11D3-BF4B-00C04F79EFBC}") = "EjemploTasks02", "EjemploTasks02\EjemploTasks02.csproj", "{409078FE-2794-EF4E-3DBB-76EEB66D6C31}"
EndProject
Project("{FAE04EC0-301F-11D3-BF4B-00C04F79EFBC}") = "EjemploTasks03", "EjemploTasks03\EjemploTasks03.csproj", "{A87AF376-0D2F-5C51-9904-0012154196E5}"
EndProject
Project("{FAE04EC0-301F-11D3-BF4B-00C04F79EFBC}") = "EjemploTasks04", "EjemploTasks04\EjemploTasks04.csproj", "{54EDFDBC-CF07-2D2F-84BD-54A99327A372}"
EndProject
Project("{FAE04EC0-301F-11D3-BF4B-00C04F79EFBC}") = "EjemploWinTasks", "EjemploWinTasks\EjemploWinTasks.csproj", "{1D918519-128F-6306-6374-9A3762A49CE1}"
EndProject
Project("{FAE04EC0-301F-11D3-BF4B-00C04F79EFBC}") = "Ejemplo01ProgramacionAsincrona", "Ejemplo01ProgramacionAsincrona\Ejemplo01ProgramacionAsincrona.csproj", "{3728FB2F-58F9-464D-B934-8D55E0242E89}"
EndProject
Project("{FAE04EC0-301F-11D3-BF4B-00C04F79EFBC}") = "Ejemplo02ProgramacionAsincrona", "Ejemplo02ProgramacionAsincrona\Ejemplo02ProgramacionAsincrona.csproj", "{3C38F3B7-F554-5C94-595F-5AD7082153E1}"
EndProject
Project("{FAE04EC0-301F-11D3-BF4B-00C04F79EFBC}") = "WinAsyncAwait", "WinAsyncAwait\WinAsyncAwait.csproj", "{5E6D817C-5BFF-3074-E9C5-C1E4A45BE4AF}"
EndProject
Project("{FAE04EC0-301F-11D3-BF4B-00C04F79EFBC}") = "EjemploProcesamientoParalelo01", "EjemploProcesamientoParalelo01\EjemploProcesamientoParalelo01.csproj", "{D0AE07F2-8CE3-49C9-0AD0-44138A810128}"
EndProject
Project("{FAE04EC0-301F-11D3-BF4B-00C04F79EFBC}") = "EjemploProcesamientoParalelo02", "EjemploProcesamientoParalelo02\EjemploProcesamientoParalelo02.csproj", "{A1045ECB-3324-B32B-069E-89BE9C921E51}"
EndProject
Project("{FAE04EC0-301F-11D3-BF4B-00C04F79EFBC}") = "EjemploProcesamientoParalelo03", "EjemploProcesamientoParalelo03\EjemploProcesamientoParalelo03.csproj", "{1A9E9866-3ED8-DFDA-E563-62434FC3891C}"
EndProject
Global
	GlobalSection(SolutionConfigurationPlatforms) = preSolution
		Debug|Any CPU = Debug|Any CPU
		Release|Any CPU = Release|Any CPU
	EndGlobalSection
	GlobalSection(ProjectConfigurationPlatforms) = postSolution
		{F0074B0F-28FA-4012-B508-CA0F166D710C}.Debug|Any CPU.ActiveCfg = Debug|Any CPU
		{F0074B0F-28FA-4012-B508-CA0F166D710C}.Debug|Any CPU.Build.0 = Debug|Any CPU
		{F0074B0F-28FA-4012-B508-CA0F166D710C}.Release|Any CPU.ActiveCfg = Release|Any CPU
		{F0074B0F-28FA-4012-B508-CA0F166D710C}.Release|Any CPU.Build.0 = Release|Any CPU
		{9347388B-DC37-44A4-B39B-ED2B6FB32BA6}.Debug|Any CPU.ActiveCfg = Debug|Any CPU
		{9347388B-DC37-44A4-B39B-ED2B6FB32BA6}.Debug|Any CPU.Build.0 = Debug|Any CPU
		{9347388B-DC37-44A4-B39B-ED2B6FB32BA6}.Release|Any CPU.ActiveCfg = Release|Any CPU
		{9347388B-DC37-44A4-B39B-ED2B6FB32BA6}.Release|Any CPU.Build.0 = Release|Any CPU
		{EA0CB8B8-5D9F-44F5-B5D8-65CC6ED60382}.Debug|Any CPU.ActiveCfg = Debug|Any CPU
		{EA0CB8B8-5D9F-44F5-B5D8-65CC6ED60382}.Debug|Any CPU.Build.0 = Debug|Any CPU
		{EA0CB8B8-5D9F-44F5-B5D8-65CC6ED60382}.Release|Any CPU.ActiveCfg = Release|Any CPU
		{EA0CB8B8-5D9F-44F5-B5D8-65CC6ED60382}.Release|Any CPU.Build.0 = Release|Any CPU
		{9403A4D1-28D9-4F7A-9952-10B35CDE69DA}.Debug|Any CPU.ActiveCfg = Debug|Any CPU
		{9403A4D1-28D9-4F7A-9952-10B35CDE69DA}.Debug|Any CPU.Build.0 = Debug|Any CPU
		{9403A4D1-28D9-4F7A-9952-10B35CDE69DA}.Release|Any CPU.ActiveCfg = Release|Any CPU
		{9403A4D1-28D9-4F7A-9952-10B35CDE69DA}.Release|Any CPU.Build.0 = Release|Any CPU
		{C0B79BC2-B19D-4273-8E7E-5AA0DBF3D1C9}.Debug|Any CPU.ActiveCfg = Debug|Any CPU
		{C0B79BC2-B19D-4273-8E7E-5AA0DBF3D1C9}.Debug|Any CPU.Build.0 = Debug|Any CPU
		{C0B79BC2-B19D-4273-8E7E-5AA0DBF3D1C9}.Release|Any CPU.ActiveCfg = Release|Any CPU
		{C0B79BC2-B19D-4273-8E7E-5AA0DBF3D1C9}.Release|Any CPU.Build.0 = Release|Any CPU
		{B1938373-435C-861D-3526-86C4882A2FFF}.Debug|Any CPU.ActiveCfg = Debug|Any CPU
		{B1938373-435C-861D-3526-86C4882A2FFF}.Debug|Any CPU.Build.0 = Debug|Any CPU
		{B1938373-435C-861D-3526-86C4882A2FFF}.Release|Any CPU.ActiveCfg = Release|Any CPU
		{B1938373-435C-861D-3526-86C4882A2FFF}.Release|Any CPU.Build.0 = Release|Any CPU
		{409078FE-2794-EF4E-3DBB-76EEB66D6C31}.Debug|Any CPU.ActiveCfg = Debug|Any CPU
		{409078FE-2794-EF4E-3DBB-76EEB66D6C31}.Debug|Any CPU.Build.0 = Debug|Any CPU
		{409078FE-2794-EF4E-3DBB-76EEB66D6C31}.Release|Any CPU.ActiveCfg = Release|Any CPU
		{409078FE-2794-EF4E-3DBB-76EEB66D6C31}.Release|Any CPU.Build.0 = Release|Any CPU
		{A87AF376-0D2F-5C51-9904-0012154196E5}.Debug|Any CPU.ActiveCfg = Debug|Any CPU
		{A87AF376-0D2F-5C51-9904-0012154196E5}.Debug|Any CPU.Build.0 = Debug|Any CPU
		{A87AF376-0D2F-5C51-9904-0012154196E5}.Release|Any CPU.ActiveCfg = Release|Any CPU
		{A87AF376-0D2F-5C51-9904-0012154196E5}.Release|Any CPU.Build.0 = Release|Any CPU
		{54EDFDBC-CF07-2D2F-84BD-54A99327A372}.Debug|Any CPU.ActiveCfg = Debug|Any CPU
		{54EDFDBC-CF07-2D2F-84BD-54A99327A372}.Debug|Any CPU.Build.0 = Debug|Any CPU
		{54EDFDBC-CF07-2D2F-84BD-54A99327A372}.Release|Any CPU.ActiveCfg = Release|Any CPU
		{54EDFDBC-CF07-2D2F-84BD-54A99327A372}.Release|Any CPU.Build.0 = Release|Any CPU
		{1D918519-128F-6306-6374-9A3762A49CE1}.Debug|Any CPU.ActiveCfg = Debug|Any CPU
		{1D918519-128F-6306-6374-9A3762A49CE1}.Debug|Any CPU.Build.0 = Debug|Any CPU
		{1D918519-128F-6306-6374-9A3762A49CE1}.Release|Any CPU.ActiveCfg = Release|Any CPU
		{1D918519-128F-6306-6374-9A3762A49CE1}.Release|Any CPU.Build.0 = Release|Any CPU
		{3728FB2F-58F9-464D-B934-8D55E0242E89}.Debug|Any CPU.ActiveCfg = Debug|Any CPU
		{3728FB2F-58F9-464D-B934-8D55E0242E89}.Debug|Any CPU.Build.0 = Debug|Any CPU
		{3728FB2F-58F9-464D-B934-8D55E0242E89}.Release|Any CPU.ActiveCfg = Release|Any CPU
		{3728FB2F-58F9-464D-B934-8D55E0242E89}.Release|Any CPU.Build.0 = Release|Any CPU
		{3C38F3B7-F554-5C94-595F-5AD7082153E1}.Debug|Any CPU.ActiveCfg = Debug|Any CPU
		{3C38F3B7-F554-5C94-595F-5AD7082153E1}.Debug|Any CPU.Build.0 = Debug|Any CPU
		{3C38F3B7-F554-5C94-595F-5AD7082153E1}.Release|Any CPU.ActiveCfg = Release|Any CPU
		{3C38F3B7-F554-5C94-595F-5AD7082153E1}.Release|Any CPU.Build.0 = Release|Any CPU
		{5E6D817C-5BFF-3074-E9C5-C1E4A45BE4AF}.Debug|Any CPU.ActiveCfg = Debug|Any CPU
		{5E6D817C-5BFF-3074-E9C5-C1E4A45BE4AF}.Debug|Any CPU.Build.0 = Debug|Any CPU
		{5E6D817C-5BFF-3074-E9C5-C1E4A45BE4AF}.Release|Any CPU.ActiveCfg = Release|Any CPU
		{5E6D817C-5BFF-3074-E9C5-C1E4A45BE4AF}.Release|Any CPU.Build.0 = Release|Any CPU
		{D0AE07F2-8CE3-49C9-0AD0-44138A810128}.Debug|Any CPU.ActiveCfg = Debug|Any CPU
		{D0AE07F2-8CE3-49C9-0AD0-44138A810128}.Debug|Any CPU.Build.0 = Debug|Any CPU
		{D0AE07F2-8CE3-49C9-0AD0-44138A810128}.Release|Any CPU.ActiveCfg = Release|Any CPU
		{D0AE07F2-8CE3-49C9-0AD0-44138A810128}.Release|Any CPU.Build.0 = Release|Any CPU
		{A1045ECB-3324-B32B-069E-89BE9C921E51}.Debug|Any CPU.ActiveCfg = Debug|Any CPU
		{A1045ECB-3324-B32B-069E-89BE9C921E51}.Debug|Any CPU.Build.0 = Debug|Any CPU
		{A1045ECB-3324-B32B-069E-89BE9C921E51}.Release|Any CPU.ActiveCfg = Release|Any CPU
		{A1045ECB-3324-B32B-069E-89BE9C921E51}.Release|Any CPU.Build.0 = Release|Any CPU
		{1A9E9866-3ED8-DFDA-E563-62434FC3891C}.Debug|Any CPU.ActiveCfg = Debug|Any CPU
		{1A9E9866-3ED8-DFDA-E563-62434FC3891C}.Debug|Any CPU.Build.0 = Debug|Any CPU
		{1A9E9866-3ED8-DFDA-E563-62434FC3891C}.Release|Any CPU.ActiveCfg = Release|Any CPU
		{1A9E9866-3ED8-DFDA-E563-62434FC3891C}.Release|Any CPU.Build.0 = Release|Any CPU
	EndGlobalSection
	GlobalSection(SolutionProperties) = preSolution
		HideSolutionNode = FALSE
	EndGlobalSection
	GlobalSection(ExtensibilityGlobals) = postSolution
		SolutionGuid = {47A136DE-9082-4F7A-B1AF-402C6B566AA6}
	EndGlobalSection
EndGlobal
